
Microsoft Visual Studio Solution File, Format Version 12.00
# Visual Studio 15
VisualStudioVersion = 15.0.27703.2042
MinimumVisualStudioVersion = 10.0.40219.1
Project("{FAE04EC0-301F-11D3-BF4B-00C04F79EFBC}") = "PageScrapper", "PageScrapper\PageScrapper.csproj", "{50E774D0-4576-424E-BE75-4785CA80001B}"
EndProject
Global
	GlobalSection(SolutionConfigurationPlatforms) = preSolution
		Debug|Any CPU = Debug|Any CPU
		Release|Any CPU = Release|Any CPU
	EndGlobalSection
	GlobalSection(ProjectConfigurationPlatforms) = postSolution
		{50E774D0-4576-424E-BE75-4785CA80001B}.Debug|Any CPU.ActiveCfg = Debug|Any CPU
		{50E774D0-4576-424E-BE75-4785CA80001B}.Debug|Any CPU.Build.0 = Debug|Any CPU
		{50E774D0-4576-424E-BE75-4785CA80001B}.Release|Any CPU.ActiveCfg = Release|Any CPU
		{50E774D0-4576-424E-BE75-4785CA80001B}.Release|Any CPU.Build.0 = Release|Any CPU
	EndGlobalSection
	GlobalSection(SolutionProperties) = preSolution
		HideSolutionNode = FALSE
	EndGlobalSection
	GlobalSection(ExtensibilityGlobals) = postSolution
		SolutionGuid = {FB1B614C-6CEC-4685-B5F0-D6635CD79FDF}
	EndGlobalSection
EndGlobal
